
Microsoft Visual Studio Solution File, Format Version 12.00
# Visual Studio 15
VisualStudioVersion = 15.0.27703.2000
MinimumVisualStudioVersion = 10.0.40219.1
Project("{8BC9CEB8-8B4A-11D0-8D11-00A0C91BC942}") = "mens_inst", "mens_inst\mens_inst.vcxproj", "{47FAF43D-C1F5-4761-AA27-400DBF89E689}"
EndProject
Global
	GlobalSection(SolutionConfigurationPlatforms) = preSolution
		Debug|x64 = Debug|x64
		Debug|x86 = Debug|x86
		Release|x64 = Release|x64
		Release|x86 = Release|x86
	EndGlobalSection
	GlobalSection(ProjectConfigurationPlatforms) = postSolution
		{47FAF43D-C1F5-4761-AA27-400DBF89E689}.Debug|x64.ActiveCfg = Debug|x64
		{47FAF43D-C1F5-4761-AA27-400DBF89E689}.Debug|x64.Build.0 = Debug|x64
		{47FAF43D-C1F5-4761-AA27-400DBF89E689}.Debug|x86.ActiveCfg = Debug|Win32
		{47FAF43D-C1F5-4761-AA27-400DBF89E689}.Debug|x86.Build.0 = Debug|Win32
		{47FAF43D-C1F5-4761-AA27-400DBF89E689}.Release|x64.ActiveCfg = Release|x64
		{47FAF43D-C1F5-4761-AA27-400DBF89E689}.Release|x64.Build.0 = Release|x64
		{47FAF43D-C1F5-4761-AA27-400DBF89E689}.Release|x86.ActiveCfg = Release|Win32
		{47FAF43D-C1F5-4761-AA27-400DBF89E689}.Release|x86.Build.0 = Release|Win32
	EndGlobalSection
	GlobalSection(SolutionProperties) = preSolution
		HideSolutionNode = FALSE
	EndGlobalSection
	GlobalSection(ExtensibilityGlobals) = postSolution
		SolutionGuid = {E60A6219-01DF-4F00-9ED3-733816207345}
	EndGlobalSection
EndGlobal
